
Microsoft Visual Studio Solution File, Format Version 12.00
# Visual Studio Version 17
VisualStudioVersion = 17.0.32014.148
MinimumVisualStudioVersion = 10.0.40219.1
Project("{FAE04EC0-301F-11D3-BF4B-00C04F79EFBC}") = "LightenWebApp", "LightenWebApp\LightenWebApp.csproj", "{41FC41A3-EF57-4314-A1B5-433362C55B4C}"
EndProject
Global
	GlobalSection(SolutionConfigurationPlatforms) = preSolution
		Debug|Any CPU = Debug|Any CPU
		Release|Any CPU = Release|Any CPU
	EndGlobalSection
	GlobalSection(ProjectConfigurationPlatforms) = postSolution
		{41FC41A3-EF57-4314-A1B5-433362C55B4C}.Debug|Any CPU.ActiveCfg = Debug|Any CPU
		{41FC41A3-EF57-4314-A1B5-433362C55B4C}.Debug|Any CPU.Build.0 = Debug|Any CPU
		{41FC41A3-EF57-4314-A1B5-433362C55B4C}.Release|Any CPU.ActiveCfg = Release|Any CPU
		{41FC41A3-EF57-4314-A1B5-433362C55B4C}.Release|Any CPU.Build.0 = Release|Any CPU
	EndGlobalSection
	GlobalSection(SolutionProperties) = preSolution
		HideSolutionNode = FALSE
	EndGlobalSection
	GlobalSection(ExtensibilityGlobals) = postSolution
		SolutionGuid = {CE93DEC4-00E7-4F58-BA73-AF2F0511F00C}
	EndGlobalSection
EndGlobal
